
Microsoft Visual Studio Solution File, Format Version 12.00
# Visual Studio 2013
VisualStudioVersion = 12.0.31101.0
MinimumVisualStudioVersion = 10.0.40219.1
Project("{2150E333-8FDC-42A3-9474-1A3956D46DE8}") = "LEVEL 01", "LEVEL 01", "{42D84C05-FB6D-4311-AD60-0796D7F12239}"
EndProject
Project("{FAE04EC0-301F-11D3-BF4B-00C04F79EFBC}") = "BookProblem", "BookProblem\BookProblem.csproj", "{DA83B562-287C-48FF-8051-34B33366B4B4}"
EndProject
Project("{2150E333-8FDC-42A3-9474-1A3956D46DE8}") = "LEVEL 02", "LEVEL 02", "{23329346-3647-4E70-98A1-3E6B55CAD478}"
EndProject
Project("{FAE04EC0-301F-11D3-BF4B-00C04F79EFBC}") = "ChessboardGame", "ChessboardGame\ChessboardGame.csproj", "{CA7D4B5B-61E7-490C-B40B-AEF55822C89C}"
EndProject
Project("{2150E333-8FDC-42A3-9474-1A3956D46DE8}") = "LEVEL 03", "LEVEL 03", "{A6FA3330-4C23-4F82-8BDF-61907DDC5D03}"
EndProject
Project("{FAE04EC0-301F-11D3-BF4B-00C04F79EFBC}") = "KingOfThieves", "KingOfThieves\KingOfThieves.csproj", "{EA1E349D-7F8C-4212-88A1-9A731F8442D1}"
EndProject
Project("{FAE04EC0-301F-11D3-BF4B-00C04F79EFBC}") = "KingOfThievesV2", "KingOfThievesV2\KingOfThievesV2.csproj", "{5C50F606-7DEC-4E4C-B941-426CFAE982A4}"
EndProject
Project("{FAE04EC0-301F-11D3-BF4B-00C04F79EFBC}") = "CompoundInterest", "CompoundInterest\CompoundInterest.csproj", "{7A7452BC-83A3-4CFD-A54E-B7CA643C3385}"
EndProject
Project("{FAE04EC0-301F-11D3-BF4B-00C04F79EFBC}") = "PetarsGame", "PetarsGame\PetarsGame.csproj", "{150A5613-8597-4B97-9F55-7A5B3450C03E}"
EndProject
Project("{FAE04EC0-301F-11D3-BF4B-00C04F79EFBC}") = "HeadphonesUpdated", "HeadphonesUpdated\HeadphonesUpdated.csproj", "{B81B2E91-2D39-4B60-BECD-1A00F94BFC6E}"
EndProject
Project("{FAE04EC0-301F-11D3-BF4B-00C04F79EFBC}") = "Budget", "Budget\Budget.csproj", "{D0454F28-8C2F-4C35-AE44-2804E951C53A}"
EndProject
Project("{FAE04EC0-301F-11D3-BF4B-00C04F79EFBC}") = "BabaTincheAirlines", "BabaTincheAirlines\BabaTincheAirlines.csproj", "{2E38E38A-FA09-4921-AE0D-0F892A751980}"
EndProject
Project("{FAE04EC0-301F-11D3-BF4B-00C04F79EFBC}") = "House", "House\House.csproj", "{19C5165F-98A4-4B9D-B4B3-CA2164D65405}"
EndProject
Project("{FAE04EC0-301F-11D3-BF4B-00C04F79EFBC}") = "Eclipse", "Eclipse\Eclipse.csproj", "{7643854E-6C76-4520-B596-3C33A53C14CB}"
EndProject
Project("{FAE04EC0-301F-11D3-BF4B-00C04F79EFBC}") = "TheExplorer", "TheExplorer\TheExplorer.csproj", "{8B381A96-4DDC-4144-82AE-FF38F94AADEA}"
EndProject
Project("{FAE04EC0-301F-11D3-BF4B-00C04F79EFBC}") = "ProgrammerDna", "ProgrammerDna\ProgrammerDna.csproj", "{16D49AAD-7B33-4412-BD98-099464FE1922}"
EndProject
Project("{FAE04EC0-301F-11D3-BF4B-00C04F79EFBC}") = "OddOrEvenCounter", "OddOrEvenCounter\OddOrEvenCounter.csproj", "{B120233D-C608-4E08-96AD-859FF576D1E0}"
EndProject
Project("{FAE04EC0-301F-11D3-BF4B-00C04F79EFBC}") = "Numerology", "Numerology\Numerology.csproj", "{548BEE44-25E9-465C-911C-5B18C49FCA1B}"
EndProject
Project("{FAE04EC0-301F-11D3-BF4B-00C04F79EFBC}") = "TicTacToePower", "TicTacToePower\TicTacToePower.csproj", "{FD67D689-0306-4926-869F-D6A636369C49}"
EndProject
Project("{FAE04EC0-301F-11D3-BF4B-00C04F79EFBC}") = "TorrentPirate", "TorrentPirate\TorrentPirate.csproj", "{FB64B529-B071-4F1C-9FB3-00560A042710}"
EndProject
Project("{FAE04EC0-301F-11D3-BF4B-00C04F79EFBC}") = "CurrencyCheck", "CurrencyCheck\CurrencyCheck.csproj", "{5111FF3C-DA07-448E-9A58-CCD1AD213D52}"
EndProject
Project("{FAE04EC0-301F-11D3-BF4B-00C04F79EFBC}") = "TravellerBob", "TravellerBob\TravellerBob.csproj", "{D3A6152A-0452-4037-AA3D-EB93883A3AE6}"
EndProject
Project("{2150E333-8FDC-42A3-9474-1A3956D46DE8}") = "LEVEL 04", "LEVEL 04", "{28ED553B-D7D9-425D-8B85-E35EAFAC8E29}"
EndProject
Project("{FAE04EC0-301F-11D3-BF4B-00C04F79EFBC}") = "DecryptТheMessages", "DecryptТheMessages\DecryptТheMessages.csproj", "{CDB746D7-1B1D-4E70-A2B9-A52A88DFC0A4}"
EndProject
Project("{FAE04EC0-301F-11D3-BF4B-00C04F79EFBC}") = "RockLq", "RockLq\RockLq.csproj", "{5130C8A6-B434-4EDC-B20C-6381D00DB0FB}"
EndProject
Project("{2150E333-8FDC-42A3-9474-1A3956D46DE8}") = "LEVEL 05", "LEVEL 05", "{B29A6C35-17A6-416E-BAB4-40A1DBD77C87}"
EndProject
Project("{FAE04EC0-301F-11D3-BF4B-00C04F79EFBC}") = "CatchTheBits", "CatchTheBits\CatchTheBits.csproj", "{FBAD9279-53D5-4543-A8D7-D1E4B0711EAA}"
EndProject
Project("{FAE04EC0-301F-11D3-BF4B-00C04F79EFBC}") = "BitsInverter", "BitsInverter\BitsInverter.csproj", "{B6B37BCF-1BEA-4225-8943-DC43D3A6B379}"
EndProject
Project("{FAE04EC0-301F-11D3-BF4B-00C04F79EFBC}") = "TextBombardment", "TextBombardment\TextBombardment.csproj", "{5170F66A-4767-43A6-8FD0-42ED90E30E65}"
EndProject
Project("{FAE04EC0-301F-11D3-BF4B-00C04F79EFBC}") = "PandaFlag", "PandaFlag\PandaFlag.csproj", "{EC2130EC-C29C-42F1-9233-6B122D2F77C3}"
EndProject
Project("{FAE04EC0-301F-11D3-BF4B-00C04F79EFBC}") = "DreamItem", "DreamItem\DreamItem.csproj", "{26149012-ABDD-432C-BBAB-842812259F49}"
EndProject
Project("{FAE04EC0-301F-11D3-BF4B-00C04F79EFBC}") = "MelonsAndWatermelons", "MelonsAndWatermelons\MelonsAndWatermelons.csproj", "{A66B4712-E04A-4FF8-8F08-7461DE6B94D9}"
EndProject
Project("{FAE04EC0-301F-11D3-BF4B-00C04F79EFBC}") = "EncryptedMatrix", "EncryptedMatrix\EncryptedMatrix.csproj", "{B0A18D01-526B-47CC-B3CD-9AB4BD8C30BC}"
EndProject
Project("{FAE04EC0-301F-11D3-BF4B-00C04F79EFBC}") = "Sunglasses", "Sunglasses\Sunglasses.csproj", "{73674D30-B11F-460F-9E24-EB499356837C}"
EndProject
Project("{FAE04EC0-301F-11D3-BF4B-00C04F79EFBC}") = "Dumbbell", "Dumbbell\Dumbbell.csproj", "{51FA51CD-63AD-48AE-A9A6-F125DDB47F80}"
EndProject
Project("{FAE04EC0-301F-11D3-BF4B-00C04F79EFBC}") = "HalfSum", "HalfSum\HalfSum.csproj", "{3445609F-D71E-42AF-86FA-7DA395E8ABB0}"
EndProject
Project("{FAE04EC0-301F-11D3-BF4B-00C04F79EFBC}") = "JoroTheFootballPlayer", "JoroTheFootballPlayer\JoroTheFootballPlayer.csproj", "{8A479947-4C40-4B6C-BCF9-BF7CDBCE584D}"
EndProject
Project("{FAE04EC0-301F-11D3-BF4B-00C04F79EFBC}") = "NineDigitMagicNumbers", "NineDigitMagicNumbers\NineDigitMagicNumbers.csproj", "{A0716DA3-6B39-48F8-82C5-88895C8B4931}"
EndProject
Project("{FAE04EC0-301F-11D3-BF4B-00C04F79EFBC}") = "Boat", "Boat\Boat.csproj", "{58DCD88C-914D-42AF-A49B-BAA90613E22D}"
EndProject
Project("{FAE04EC0-301F-11D3-BF4B-00C04F79EFBC}") = "CheatSheet", "CheatSheet\CheatSheet.csproj", "{1177D9D8-0CE5-4E7D-A2C7-760731D06507}"
EndProject
Project("{FAE04EC0-301F-11D3-BF4B-00C04F79EFBC}") = "PiggyBank", "PiggyBank\PiggyBank.csproj", "{B67AE031-01FB-422A-80EB-7B574A123093}"
EndProject
Project("{FAE04EC0-301F-11D3-BF4B-00C04F79EFBC}") = "Tables", "Tables\Tables.csproj", "{0495CA19-2DA1-4A18-AAD8-768504BC0444}"
EndProject
Project("{FAE04EC0-301F-11D3-BF4B-00C04F79EFBC}") = "SpyHard", "SpyHard\SpyHard.csproj", "{83A14AD1-1E36-4B5F-8DD8-D3EF73CE6017}"
EndProject
Project("{FAE04EC0-301F-11D3-BF4B-00C04F79EFBC}") = "BiggestTriple", "BiggestTriple\BiggestTriple.csproj", "{5C7176AB-EFFE-4003-AF1C-0DA7337E59EA}"
EndProject
Project("{FAE04EC0-301F-11D3-BF4B-00C04F79EFBC}") = "BasketBattle", "BasketBattle\BasketBattle.csproj", "{D7263DC2-2E8D-4D5D-8F9E-9BAA3328DD24}"
EndProject
Project("{FAE04EC0-301F-11D3-BF4B-00C04F79EFBC}") = "Volleyball", "Volleyball\Volleyball.csproj", "{58BCDDB2-B5A2-4A85-9C69-9B4C75A25703}"
EndProject
Project("{FAE04EC0-301F-11D3-BF4B-00C04F79EFBC}") = "OddEvenSum", "OddEvenSum\OddEvenSum.csproj", "{F311AA23-6339-43E7-BFC7-7F1BE283D7C3}"
EndProject
Project("{FAE04EC0-301F-11D3-BF4B-00C04F79EFBC}") = "TheExplorer2", "TheExplorer2\TheExplorer2.csproj", "{F3D837C4-9137-4689-91D7-86443FC93BEE}"
EndProject
Project("{FAE04EC0-301F-11D3-BF4B-00C04F79EFBC}") = "BitsUp", "BitsUp\BitsUp.csproj", "{2B10B008-A7F7-493F-86D9-6F84B6219730}"
EndProject
Project("{FAE04EC0-301F-11D3-BF4B-00C04F79EFBC}") = "Cinema", "Cinema\Cinema.csproj", "{67CD549C-8641-4C23-88F0-BEF109E240BD}"
EndProject
Project("{FAE04EC0-301F-11D3-BF4B-00C04F79EFBC}") = "Electricity", "Electricity\Electricity.csproj", "{963B2339-4F1A-4E02-A540-295D19E7F1B1}"
EndProject
Project("{FAE04EC0-301F-11D3-BF4B-00C04F79EFBC}") = "OddAndEvenJumps", "OddAndEvenJumps\OddAndEvenJumps.csproj", "{A76CD5C1-98C5-4085-A5E3-30AD3FE99395}"
EndProject
Project("{FAE04EC0-301F-11D3-BF4B-00C04F79EFBC}") = "BookOrders", "BookOrders\BookOrders.csproj", "{8DC4B49F-CFD3-417D-A567-4B8453F700B7}"
EndProject
Project("{FAE04EC0-301F-11D3-BF4B-00C04F79EFBC}") = "Illuminati", "Illuminati\Illuminati.csproj", "{3F183F2C-1019-42BE-A081-4D70460E640B}"
EndProject
Project("{FAE04EC0-301F-11D3-BF4B-00C04F79EFBC}") = "LettersSymbolsNumbers", "LettersSymbolsNumbers\LettersSymbolsNumbers.csproj", "{CB4B10F0-5C7B-4D89-B756-C198D3D16367}"
EndProject
Project("{FAE04EC0-301F-11D3-BF4B-00C04F79EFBC}") = "OddEvenElements", "OddEvenElements\OddEvenElements.csproj", "{D4FC67B9-6801-40BD-BCD2-B9E6C8A57A65}"
EndProject
Project("{FAE04EC0-301F-11D3-BF4B-00C04F79EFBC}") = "BitsInverter2", "BitsInverter2\BitsInverter2.csproj", "{6A1E3EF3-FB71-457A-8FF0-6486561FE058}"
EndProject
Project("{FAE04EC0-301F-11D3-BF4B-00C04F79EFBC}") = "CatchTheBits2", "CatchTheBits2\CatchTheBits2.csproj", "{1CA1DBC2-816E-4842-8DD1-B926EF182C8F}"
EndProject
Project("{FAE04EC0-301F-11D3-BF4B-00C04F79EFBC}") = "BitsKiller", "BitsKiller\BitsKiller.csproj", "{C8836521-00C5-4759-A396-CB431CDE959F}"
EndProject
Project("{FAE04EC0-301F-11D3-BF4B-00C04F79EFBC}") = "BitPaths", "BitPaths\BitPaths.csproj", "{84EA04A2-9F5E-43E4-A1A8-1B1F9AA3EA38}"
EndProject
Project("{FAE04EC0-301F-11D3-BF4B-00C04F79EFBC}") = "ChangeEvenBits", "ChangeEvenBits\ChangeEvenBits.csproj", "{742FB0C4-0068-46E6-AC93-BFE0F320E366}"
EndProject
Project("{FAE04EC0-301F-11D3-BF4B-00C04F79EFBC}") = "DoubleDowns", "DoubleDowns\DoubleDowns.csproj", "{9DF62594-2612-4942-B4FA-759C5502E66F}"
EndProject
Project("{FAE04EC0-301F-11D3-BF4B-00C04F79EFBC}") = "GameOfBits", "GameOfBits\GameOfBits.csproj", "{BAA2F20A-513E-4592-ADAA-12FD2CC4E17E}"
EndProject
Project("{FAE04EC0-301F-11D3-BF4B-00C04F79EFBC}") = "KnightPath", "HorsePath\KnightPath.csproj", "{2E94340D-0CA1-4581-80BE-97109B4B35D7}"
EndProject
Project("{FAE04EC0-301F-11D3-BF4B-00C04F79EFBC}") = "PaintBall", "PaintBall\PaintBall.csproj", "{28E225B9-BB4F-4F05-BACC-0A1963E66E01}"
EndProject
Project("{FAE04EC0-301F-11D3-BF4B-00C04F79EFBC}") = "BitLock", "BitLock\BitLock.csproj", "{A863E696-BE9E-4B2D-8C3E-9298EAB885A1}"
EndProject
Project("{FAE04EC0-301F-11D3-BF4B-00C04F79EFBC}") = "HalfByteSwapper", "HalfByteSwapper\HalfByteSwapper.csproj", "{F53D0EF1-7C10-4637-8FBB-3990CA765239}"
EndProject
Project("{FAE04EC0-301F-11D3-BF4B-00C04F79EFBC}") = "BitsAtCrossroads", "BitsAtCrossroads\BitsAtCrossroads.csproj", "{0DC8DCD3-F63E-4FD0-A56D-FDFB2F814119}"
EndProject
Project("{FAE04EC0-301F-11D3-BF4B-00C04F79EFBC}") = "FruitMarket", "FruitMarket\FruitMarket.csproj", "{6531936B-134D-4C63-B04A-4595651BD610}"
EndProject
Project("{FAE04EC0-301F-11D3-BF4B-00C04F79EFBC}") = "WineGlass", "WineGlass\WineGlass.csproj", "{08A0FB0D-8E0D-4422-8C75-CFDB7F3DE1C4}"
EndProject
Project("{FAE04EC0-301F-11D3-BF4B-00C04F79EFBC}") = "LongestAlphabeticalWord", "LongestAlphabeticalWord\LongestAlphabeticalWord.csproj", "{FE17CF2C-939B-42B7-A504-F580E478D98D}"
EndProject
Project("{FAE04EC0-301F-11D3-BF4B-00C04F79EFBC}") = "BitShooter", "BitShooter\BitShooter.csproj", "{126F4DF1-0D21-4B6E-9E32-E41A66064798}"
EndProject
Project("{FAE04EC0-301F-11D3-BF4B-00C04F79EFBC}") = "Arrow", "Arrow\Arrow.csproj", "{1A086C1B-5EBE-4FBA-96DE-92464C104E56}"
EndProject
Project("{FAE04EC0-301F-11D3-BF4B-00C04F79EFBC}") = "FiveSpecialLetters", "FiveSpecialLetters\FiveSpecialLetters.csproj", "{05916B65-28BB-411A-94CF-77C7816844AD}"
EndProject
Global
	GlobalSection(SolutionConfigurationPlatforms) = preSolution
		Debug|Any CPU = Debug|Any CPU
		Release|Any CPU = Release|Any CPU
	EndGlobalSection
	GlobalSection(ProjectConfigurationPlatforms) = postSolution
		{DA83B562-287C-48FF-8051-34B33366B4B4}.Debug|Any CPU.ActiveCfg = Debug|Any CPU
		{DA83B562-287C-48FF-8051-34B33366B4B4}.Debug|Any CPU.Build.0 = Debug|Any CPU
		{DA83B562-287C-48FF-8051-34B33366B4B4}.Release|Any CPU.ActiveCfg = Release|Any CPU
		{DA83B562-287C-48FF-8051-34B33366B4B4}.Release|Any CPU.Build.0 = Release|Any CPU
		{CA7D4B5B-61E7-490C-B40B-AEF55822C89C}.Debug|Any CPU.ActiveCfg = Debug|Any CPU
		{CA7D4B5B-61E7-490C-B40B-AEF55822C89C}.Debug|Any CPU.Build.0 = Debug|Any CPU
		{CA7D4B5B-61E7-490C-B40B-AEF55822C89C}.Release|Any CPU.ActiveCfg = Release|Any CPU
		{CA7D4B5B-61E7-490C-B40B-AEF55822C89C}.Release|Any CPU.Build.0 = Release|Any CPU
		{EA1E349D-7F8C-4212-88A1-9A731F8442D1}.Debug|Any CPU.ActiveCfg = Debug|Any CPU
		{EA1E349D-7F8C-4212-88A1-9A731F8442D1}.Debug|Any CPU.Build.0 = Debug|Any CPU
		{EA1E349D-7F8C-4212-88A1-9A731F8442D1}.Release|Any CPU.ActiveCfg = Release|Any CPU
		{EA1E349D-7F8C-4212-88A1-9A731F8442D1}.Release|Any CPU.Build.0 = Release|Any CPU
		{5C50F606-7DEC-4E4C-B941-426CFAE982A4}.Debug|Any CPU.ActiveCfg = Debug|Any CPU
		{5C50F606-7DEC-4E4C-B941-426CFAE982A4}.Debug|Any CPU.Build.0 = Debug|Any CPU
		{5C50F606-7DEC-4E4C-B941-426CFAE982A4}.Release|Any CPU.ActiveCfg = Release|Any CPU
		{5C50F606-7DEC-4E4C-B941-426CFAE982A4}.Release|Any CPU.Build.0 = Release|Any CPU
		{7A7452BC-83A3-4CFD-A54E-B7CA643C3385}.Debug|Any CPU.ActiveCfg = Debug|Any CPU
		{7A7452BC-83A3-4CFD-A54E-B7CA643C3385}.Debug|Any CPU.Build.0 = Debug|Any CPU
		{7A7452BC-83A3-4CFD-A54E-B7CA643C3385}.Release|Any CPU.ActiveCfg = Release|Any CPU
		{7A7452BC-83A3-4CFD-A54E-B7CA643C3385}.Release|Any CPU.Build.0 = Release|Any CPU
		{150A5613-8597-4B97-9F55-7A5B3450C03E}.Debug|Any CPU.ActiveCfg = Debug|Any CPU
		{150A5613-8597-4B97-9F55-7A5B3450C03E}.Debug|Any CPU.Build.0 = Debug|Any CPU
		{150A5613-8597-4B97-9F55-7A5B3450C03E}.Release|Any CPU.ActiveCfg = Release|Any CPU
		{150A5613-8597-4B97-9F55-7A5B3450C03E}.Release|Any CPU.Build.0 = Release|Any CPU
		{B81B2E91-2D39-4B60-BECD-1A00F94BFC6E}.Debug|Any CPU.ActiveCfg = Debug|Any CPU
		{B81B2E91-2D39-4B60-BECD-1A00F94BFC6E}.Debug|Any CPU.Build.0 = Debug|Any CPU
		{B81B2E91-2D39-4B60-BECD-1A00F94BFC6E}.Release|Any CPU.ActiveCfg = Release|Any CPU
		{B81B2E91-2D39-4B60-BECD-1A00F94BFC6E}.Release|Any CPU.Build.0 = Release|Any CPU
		{D0454F28-8C2F-4C35-AE44-2804E951C53A}.Debug|Any CPU.ActiveCfg = Debug|Any CPU
		{D0454F28-8C2F-4C35-AE44-2804E951C53A}.Debug|Any CPU.Build.0 = Debug|Any CPU
		{D0454F28-8C2F-4C35-AE44-2804E951C53A}.Release|Any CPU.ActiveCfg = Release|Any CPU
		{D0454F28-8C2F-4C35-AE44-2804E951C53A}.Release|Any CPU.Build.0 = Release|Any CPU
		{2E38E38A-FA09-4921-AE0D-0F892A751980}.Debug|Any CPU.ActiveCfg = Debug|Any CPU
		{2E38E38A-FA09-4921-AE0D-0F892A751980}.Debug|Any CPU.Build.0 = Debug|Any CPU
		{2E38E38A-FA09-4921-AE0D-0F892A751980}.Release|Any CPU.ActiveCfg = Release|Any CPU
		{2E38E38A-FA09-4921-AE0D-0F892A751980}.Release|Any CPU.Build.0 = Release|Any CPU
		{19C5165F-98A4-4B9D-B4B3-CA2164D65405}.Debug|Any CPU.ActiveCfg = Debug|Any CPU
		{19C5165F-98A4-4B9D-B4B3-CA2164D65405}.Debug|Any CPU.Build.0 = Debug|Any CPU
		{19C5165F-98A4-4B9D-B4B3-CA2164D65405}.Release|Any CPU.ActiveCfg = Release|Any CPU
		{19C5165F-98A4-4B9D-B4B3-CA2164D65405}.Release|Any CPU.Build.0 = Release|Any CPU
		{7643854E-6C76-4520-B596-3C33A53C14CB}.Debug|Any CPU.ActiveCfg = Debug|Any CPU
		{7643854E-6C76-4520-B596-3C33A53C14CB}.Debug|Any CPU.Build.0 = Debug|Any CPU
		{7643854E-6C76-4520-B596-3C33A53C14CB}.Release|Any CPU.ActiveCfg = Release|Any CPU
		{7643854E-6C76-4520-B596-3C33A53C14CB}.Release|Any CPU.Build.0 = Release|Any CPU
		{8B381A96-4DDC-4144-82AE-FF38F94AADEA}.Debug|Any CPU.ActiveCfg = Debug|Any CPU
		{8B381A96-4DDC-4144-82AE-FF38F94AADEA}.Debug|Any CPU.Build.0 = Debug|Any CPU
		{8B381A96-4DDC-4144-82AE-FF38F94AADEA}.Release|Any CPU.ActiveCfg = Release|Any CPU
		{8B381A96-4DDC-4144-82AE-FF38F94AADEA}.Release|Any CPU.Build.0 = Release|Any CPU
		{16D49AAD-7B33-4412-BD98-099464FE1922}.Debug|Any CPU.ActiveCfg = Debug|Any CPU
		{16D49AAD-7B33-4412-BD98-099464FE1922}.Debug|Any CPU.Build.0 = Debug|Any CPU
		{16D49AAD-7B33-4412-BD98-099464FE1922}.Release|Any CPU.ActiveCfg = Release|Any CPU
		{16D49AAD-7B33-4412-BD98-099464FE1922}.Release|Any CPU.Build.0 = Release|Any CPU
		{B120233D-C608-4E08-96AD-859FF576D1E0}.Debug|Any CPU.ActiveCfg = Debug|Any CPU
		{B120233D-C608-4E08-96AD-859FF576D1E0}.Debug|Any CPU.Build.0 = Debug|Any CPU
		{B120233D-C608-4E08-96AD-859FF576D1E0}.Release|Any CPU.ActiveCfg = Release|Any CPU
		{B120233D-C608-4E08-96AD-859FF576D1E0}.Release|Any CPU.Build.0 = Release|Any CPU
		{548BEE44-25E9-465C-911C-5B18C49FCA1B}.Debug|Any CPU.ActiveCfg = Debug|Any CPU
		{548BEE44-25E9-465C-911C-5B18C49FCA1B}.Debug|Any CPU.Build.0 = Debug|Any CPU
		{548BEE44-25E9-465C-911C-5B18C49FCA1B}.Release|Any CPU.ActiveCfg = Release|Any CPU
		{548BEE44-25E9-465C-911C-5B18C49FCA1B}.Release|Any CPU.Build.0 = Release|Any CPU
		{FD67D689-0306-4926-869F-D6A636369C49}.Debug|Any CPU.ActiveCfg = Debug|Any CPU
		{FD67D689-0306-4926-869F-D6A636369C49}.Debug|Any CPU.Build.0 = Debug|Any CPU
		{FD67D689-0306-4926-869F-D6A636369C49}.Release|Any CPU.ActiveCfg = Release|Any CPU
		{FD67D689-0306-4926-869F-D6A636369C49}.Release|Any CPU.Build.0 = Release|Any CPU
		{FB64B529-B071-4F1C-9FB3-00560A042710}.Debug|Any CPU.ActiveCfg = Debug|Any CPU
		{FB64B529-B071-4F1C-9FB3-00560A042710}.Debug|Any CPU.Build.0 = Debug|Any CPU
		{FB64B529-B071-4F1C-9FB3-00560A042710}.Release|Any CPU.ActiveCfg = Release|Any CPU
		{FB64B529-B071-4F1C-9FB3-00560A042710}.Release|Any CPU.Build.0 = Release|Any CPU
		{5111FF3C-DA07-448E-9A58-CCD1AD213D52}.Debug|Any CPU.ActiveCfg = Debug|Any CPU
		{5111FF3C-DA07-448E-9A58-CCD1AD213D52}.Debug|Any CPU.Build.0 = Debug|Any CPU
		{5111FF3C-DA07-448E-9A58-CCD1AD213D52}.Release|Any CPU.ActiveCfg = Release|Any CPU
		{5111FF3C-DA07-448E-9A58-CCD1AD213D52}.Release|Any CPU.Build.0 = Release|Any CPU
		{D3A6152A-0452-4037-AA3D-EB93883A3AE6}.Debug|Any CPU.ActiveCfg = Debug|Any CPU
		{D3A6152A-0452-4037-AA3D-EB93883A3AE6}.Debug|Any CPU.Build.0 = Debug|Any CPU
		{D3A6152A-0452-4037-AA3D-EB93883A3AE6}.Release|Any CPU.ActiveCfg = Release|Any CPU
		{D3A6152A-0452-4037-AA3D-EB93883A3AE6}.Release|Any CPU.Build.0 = Release|Any CPU
		{CDB746D7-1B1D-4E70-A2B9-A52A88DFC0A4}.Debug|Any CPU.ActiveCfg = Debug|Any CPU
		{CDB746D7-1B1D-4E70-A2B9-A52A88DFC0A4}.Debug|Any CPU.Build.0 = Debug|Any CPU
		{CDB746D7-1B1D-4E70-A2B9-A52A88DFC0A4}.Release|Any CPU.ActiveCfg = Release|Any CPU
		{CDB746D7-1B1D-4E70-A2B9-A52A88DFC0A4}.Release|Any CPU.Build.0 = Release|Any CPU
		{5130C8A6-B434-4EDC-B20C-6381D00DB0FB}.Debug|Any CPU.ActiveCfg = Debug|Any CPU
		{5130C8A6-B434-4EDC-B20C-6381D00DB0FB}.Debug|Any CPU.Build.0 = Debug|Any CPU
		{5130C8A6-B434-4EDC-B20C-6381D00DB0FB}.Release|Any CPU.ActiveCfg = Release|Any CPU
		{5130C8A6-B434-4EDC-B20C-6381D00DB0FB}.Release|Any CPU.Build.0 = Release|Any CPU
		{FBAD9279-53D5-4543-A8D7-D1E4B0711EAA}.Debug|Any CPU.ActiveCfg = Debug|Any CPU
		{FBAD9279-53D5-4543-A8D7-D1E4B0711EAA}.Debug|Any CPU.Build.0 = Debug|Any CPU
		{FBAD9279-53D5-4543-A8D7-D1E4B0711EAA}.Release|Any CPU.ActiveCfg = Release|Any CPU
		{FBAD9279-53D5-4543-A8D7-D1E4B0711EAA}.Release|Any CPU.Build.0 = Release|Any CPU
		{B6B37BCF-1BEA-4225-8943-DC43D3A6B379}.Debug|Any CPU.ActiveCfg = Debug|Any CPU
		{B6B37BCF-1BEA-4225-8943-DC43D3A6B379}.Debug|Any CPU.Build.0 = Debug|Any CPU
		{B6B37BCF-1BEA-4225-8943-DC43D3A6B379}.Release|Any CPU.ActiveCfg = Release|Any CPU
		{B6B37BCF-1BEA-4225-8943-DC43D3A6B379}.Release|Any CPU.Build.0 = Release|Any CPU
		{5170F66A-4767-43A6-8FD0-42ED90E30E65}.Debug|Any CPU.ActiveCfg = Debug|Any CPU
		{5170F66A-4767-43A6-8FD0-42ED90E30E65}.Debug|Any CPU.Build.0 = Debug|Any CPU
		{5170F66A-4767-43A6-8FD0-42ED90E30E65}.Release|Any CPU.ActiveCfg = Release|Any CPU
		{5170F66A-4767-43A6-8FD0-42ED90E30E65}.Release|Any CPU.Build.0 = Release|Any CPU
		{EC2130EC-C29C-42F1-9233-6B122D2F77C3}.Debug|Any CPU.ActiveCfg = Debug|Any CPU
		{EC2130EC-C29C-42F1-9233-6B122D2F77C3}.Debug|Any CPU.Build.0 = Debug|Any CPU
		{EC2130EC-C29C-42F1-9233-6B122D2F77C3}.Release|Any CPU.ActiveCfg = Release|Any CPU
		{EC2130EC-C29C-42F1-9233-6B122D2F77C3}.Release|Any CPU.Build.0 = Release|Any CPU
		{26149012-ABDD-432C-BBAB-842812259F49}.Debug|Any CPU.ActiveCfg = Debug|Any CPU
		{26149012-ABDD-432C-BBAB-842812259F49}.Debug|Any CPU.Build.0 = Debug|Any CPU
		{26149012-ABDD-432C-BBAB-842812259F49}.Release|Any CPU.ActiveCfg = Release|Any CPU
		{26149012-ABDD-432C-BBAB-842812259F49}.Release|Any CPU.Build.0 = Release|Any CPU
		{A66B4712-E04A-4FF8-8F08-7461DE6B94D9}.Debug|Any CPU.ActiveCfg = Debug|Any CPU
		{A66B4712-E04A-4FF8-8F08-7461DE6B94D9}.Debug|Any CPU.Build.0 = Debug|Any CPU
		{A66B4712-E04A-4FF8-8F08-7461DE6B94D9}.Release|Any CPU.ActiveCfg = Release|Any CPU
		{A66B4712-E04A-4FF8-8F08-7461DE6B94D9}.Release|Any CPU.Build.0 = Release|Any CPU
		{B0A18D01-526B-47CC-B3CD-9AB4BD8C30BC}.Debug|Any CPU.ActiveCfg = Debug|Any CPU
		{B0A18D01-526B-47CC-B3CD-9AB4BD8C30BC}.Debug|Any CPU.Build.0 = Debug|Any CPU
		{B0A18D01-526B-47CC-B3CD-9AB4BD8C30BC}.Release|Any CPU.ActiveCfg = Release|Any CPU
		{B0A18D01-526B-47CC-B3CD-9AB4BD8C30BC}.Release|Any CPU.Build.0 = Release|Any CPU
		{73674D30-B11F-460F-9E24-EB499356837C}.Debug|Any CPU.ActiveCfg = Debug|Any CPU
		{73674D30-B11F-460F-9E24-EB499356837C}.Debug|Any CPU.Build.0 = Debug|Any CPU
		{73674D30-B11F-460F-9E24-EB499356837C}.Release|Any CPU.ActiveCfg = Release|Any CPU
		{73674D30-B11F-460F-9E24-EB499356837C}.Release|Any CPU.Build.0 = Release|Any CPU
		{51FA51CD-63AD-48AE-A9A6-F125DDB47F80}.Debug|Any CPU.ActiveCfg = Debug|Any CPU
		{51FA51CD-63AD-48AE-A9A6-F125DDB47F80}.Debug|Any CPU.Build.0 = Debug|Any CPU
		{51FA51CD-63AD-48AE-A9A6-F125DDB47F80}.Release|Any CPU.ActiveCfg = Release|Any CPU
		{51FA51CD-63AD-48AE-A9A6-F125DDB47F80}.Release|Any CPU.Build.0 = Release|Any CPU
		{3445609F-D71E-42AF-86FA-7DA395E8ABB0}.Debug|Any CPU.ActiveCfg = Debug|Any CPU
		{3445609F-D71E-42AF-86FA-7DA395E8ABB0}.Debug|Any CPU.Build.0 = Debug|Any CPU
		{3445609F-D71E-42AF-86FA-7DA395E8ABB0}.Release|Any CPU.ActiveCfg = Release|Any CPU
		{3445609F-D71E-42AF-86FA-7DA395E8ABB0}.Release|Any CPU.Build.0 = Release|Any CPU
		{8A479947-4C40-4B6C-BCF9-BF7CDBCE584D}.Debug|Any CPU.ActiveCfg = Debug|Any CPU
		{8A479947-4C40-4B6C-BCF9-BF7CDBCE584D}.Debug|Any CPU.Build.0 = Debug|Any CPU
		{8A479947-4C40-4B6C-BCF9-BF7CDBCE584D}.Release|Any CPU.ActiveCfg = Release|Any CPU
		{8A479947-4C40-4B6C-BCF9-BF7CDBCE584D}.Release|Any CPU.Build.0 = Release|Any CPU
		{A0716DA3-6B39-48F8-82C5-88895C8B4931}.Debug|Any CPU.ActiveCfg = Debug|Any CPU
		{A0716DA3-6B39-48F8-82C5-88895C8B4931}.Debug|Any CPU.Build.0 = Debug|Any CPU
		{A0716DA3-6B39-48F8-82C5-88895C8B4931}.Release|Any CPU.ActiveCfg = Release|Any CPU
		{A0716DA3-6B39-48F8-82C5-88895C8B4931}.Release|Any CPU.Build.0 = Release|Any CPU
		{58DCD88C-914D-42AF-A49B-BAA90613E22D}.Debug|Any CPU.ActiveCfg = Debug|Any CPU
		{58DCD88C-914D-42AF-A49B-BAA90613E22D}.Debug|Any CPU.Build.0 = Debug|Any CPU
		{58DCD88C-914D-42AF-A49B-BAA90613E22D}.Release|Any CPU.ActiveCfg = Release|Any CPU
		{58DCD88C-914D-42AF-A49B-BAA90613E22D}.Release|Any CPU.Build.0 = Release|Any CPU
		{1177D9D8-0CE5-4E7D-A2C7-760731D06507}.Debug|Any CPU.ActiveCfg = Debug|Any CPU
		{1177D9D8-0CE5-4E7D-A2C7-760731D06507}.Debug|Any CPU.Build.0 = Debug|Any CPU
		{1177D9D8-0CE5-4E7D-A2C7-760731D06507}.Release|Any CPU.ActiveCfg = Release|Any CPU
		{1177D9D8-0CE5-4E7D-A2C7-760731D06507}.Release|Any CPU.Build.0 = Release|Any CPU
		{B67AE031-01FB-422A-80EB-7B574A123093}.Debug|Any CPU.ActiveCfg = Debug|Any CPU
		{B67AE031-01FB-422A-80EB-7B574A123093}.Debug|Any CPU.Build.0 = Debug|Any CPU
		{B67AE031-01FB-422A-80EB-7B574A123093}.Release|Any CPU.ActiveCfg = Release|Any CPU
		{B67AE031-01FB-422A-80EB-7B574A123093}.Release|Any CPU.Build.0 = Release|Any CPU
		{0495CA19-2DA1-4A18-AAD8-768504BC0444}.Debug|Any CPU.ActiveCfg = Debug|Any CPU
		{0495CA19-2DA1-4A18-AAD8-768504BC0444}.Debug|Any CPU.Build.0 = Debug|Any CPU
		{0495CA19-2DA1-4A18-AAD8-768504BC0444}.Release|Any CPU.ActiveCfg = Release|Any CPU
		{0495CA19-2DA1-4A18-AAD8-768504BC0444}.Release|Any CPU.Build.0 = Release|Any CPU
		{83A14AD1-1E36-4B5F-8DD8-D3EF73CE6017}.Debug|Any CPU.ActiveCfg = Debug|Any CPU
		{83A14AD1-1E36-4B5F-8DD8-D3EF73CE6017}.Debug|Any CPU.Build.0 = Debug|Any CPU
		{83A14AD1-1E36-4B5F-8DD8-D3EF73CE6017}.Release|Any CPU.ActiveCfg = Release|Any CPU
		{83A14AD1-1E36-4B5F-8DD8-D3EF73CE6017}.Release|Any CPU.Build.0 = Release|Any CPU
		{5C7176AB-EFFE-4003-AF1C-0DA7337E59EA}.Debug|Any CPU.ActiveCfg = Debug|Any CPU
		{5C7176AB-EFFE-4003-AF1C-0DA7337E59EA}.Debug|Any CPU.Build.0 = Debug|Any CPU
		{5C7176AB-EFFE-4003-AF1C-0DA7337E59EA}.Release|Any CPU.ActiveCfg = Release|Any CPU
		{5C7176AB-EFFE-4003-AF1C-0DA7337E59EA}.Release|Any CPU.Build.0 = Release|Any CPU
		{D7263DC2-2E8D-4D5D-8F9E-9BAA3328DD24}.Debug|Any CPU.ActiveCfg = Debug|Any CPU
		{D7263DC2-2E8D-4D5D-8F9E-9BAA3328DD24}.Debug|Any CPU.Build.0 = Debug|Any CPU
		{D7263DC2-2E8D-4D5D-8F9E-9BAA3328DD24}.Release|Any CPU.ActiveCfg = Release|Any CPU
		{D7263DC2-2E8D-4D5D-8F9E-9BAA3328DD24}.Release|Any CPU.Build.0 = Release|Any CPU
		{58BCDDB2-B5A2-4A85-9C69-9B4C75A25703}.Debug|Any CPU.ActiveCfg = Debug|Any CPU
		{58BCDDB2-B5A2-4A85-9C69-9B4C75A25703}.Debug|Any CPU.Build.0 = Debug|Any CPU
		{58BCDDB2-B5A2-4A85-9C69-9B4C75A25703}.Release|Any CPU.ActiveCfg = Release|Any CPU
		{58BCDDB2-B5A2-4A85-9C69-9B4C75A25703}.Release|Any CPU.Build.0 = Release|Any CPU
		{F311AA23-6339-43E7-BFC7-7F1BE283D7C3}.Debug|Any CPU.ActiveCfg = Debug|Any CPU
		{F311AA23-6339-43E7-BFC7-7F1BE283D7C3}.Debug|Any CPU.Build.0 = Debug|Any CPU
		{F311AA23-6339-43E7-BFC7-7F1BE283D7C3}.Release|Any CPU.ActiveCfg = Release|Any CPU
		{F311AA23-6339-43E7-BFC7-7F1BE283D7C3}.Release|Any CPU.Build.0 = Release|Any CPU
		{F3D837C4-9137-4689-91D7-86443FC93BEE}.Debug|Any CPU.ActiveCfg = Debug|Any CPU
		{F3D837C4-9137-4689-91D7-86443FC93BEE}.Debug|Any CPU.Build.0 = Debug|Any CPU
		{F3D837C4-9137-4689-91D7-86443FC93BEE}.Release|Any CPU.ActiveCfg = Release|Any CPU
		{F3D837C4-9137-4689-91D7-86443FC93BEE}.Release|Any CPU.Build.0 = Release|Any CPU
		{2B10B008-A7F7-493F-86D9-6F84B6219730}.Debug|Any CPU.ActiveCfg = Debug|Any CPU
		{2B10B008-A7F7-493F-86D9-6F84B6219730}.Debug|Any CPU.Build.0 = Debug|Any CPU
		{2B10B008-A7F7-493F-86D9-6F84B6219730}.Release|Any CPU.ActiveCfg = Release|Any CPU
		{2B10B008-A7F7-493F-86D9-6F84B6219730}.Release|Any CPU.Build.0 = Release|Any CPU
		{67CD549C-8641-4C23-88F0-BEF109E240BD}.Debug|Any CPU.ActiveCfg = Debug|Any CPU
		{67CD549C-8641-4C23-88F0-BEF109E240BD}.Debug|Any CPU.Build.0 = Debug|Any CPU
		{67CD549C-8641-4C23-88F0-BEF109E240BD}.Release|Any CPU.ActiveCfg = Release|Any CPU
		{67CD549C-8641-4C23-88F0-BEF109E240BD}.Release|Any CPU.Build.0 = Release|Any CPU
		{963B2339-4F1A-4E02-A540-295D19E7F1B1}.Debug|Any CPU.ActiveCfg = Debug|Any CPU
		{963B2339-4F1A-4E02-A540-295D19E7F1B1}.Debug|Any CPU.Build.0 = Debug|Any CPU
		{963B2339-4F1A-4E02-A540-295D19E7F1B1}.Release|Any CPU.ActiveCfg = Release|Any CPU
		{963B2339-4F1A-4E02-A540-295D19E7F1B1}.Release|Any CPU.Build.0 = Release|Any CPU
		{A76CD5C1-98C5-4085-A5E3-30AD3FE99395}.Debug|Any CPU.ActiveCfg = Debug|Any CPU
		{A76CD5C1-98C5-4085-A5E3-30AD3FE99395}.Debug|Any CPU.Build.0 = Debug|Any CPU
		{A76CD5C1-98C5-4085-A5E3-30AD3FE99395}.Release|Any CPU.ActiveCfg = Release|Any CPU
		{A76CD5C1-98C5-4085-A5E3-30AD3FE99395}.Release|Any CPU.Build.0 = Release|Any CPU
		{8DC4B49F-CFD3-417D-A567-4B8453F700B7}.Debug|Any CPU.ActiveCfg = Debug|Any CPU
		{8DC4B49F-CFD3-417D-A567-4B8453F700B7}.Debug|Any CPU.Build.0 = Debug|Any CPU
		{8DC4B49F-CFD3-417D-A567-4B8453F700B7}.Release|Any CPU.ActiveCfg = Release|Any CPU
		{8DC4B49F-CFD3-417D-A567-4B8453F700B7}.Release|Any CPU.Build.0 = Release|Any CPU
		{3F183F2C-1019-42BE-A081-4D70460E640B}.Debug|Any CPU.ActiveCfg = Debug|Any CPU
		{3F183F2C-1019-42BE-A081-4D70460E640B}.Debug|Any CPU.Build.0 = Debug|Any CPU
		{3F183F2C-1019-42BE-A081-4D70460E640B}.Release|Any CPU.ActiveCfg = Release|Any CPU
		{3F183F2C-1019-42BE-A081-4D70460E640B}.Release|Any CPU.Build.0 = Release|Any CPU
		{CB4B10F0-5C7B-4D89-B756-C198D3D16367}.Debug|Any CPU.ActiveCfg = Debug|Any CPU
		{CB4B10F0-5C7B-4D89-B756-C198D3D16367}.Debug|Any CPU.Build.0 = Debug|Any CPU
		{CB4B10F0-5C7B-4D89-B756-C198D3D16367}.Release|Any CPU.ActiveCfg = Release|Any CPU
		{CB4B10F0-5C7B-4D89-B756-C198D3D16367}.Release|Any CPU.Build.0 = Release|Any CPU
		{D4FC67B9-6801-40BD-BCD2-B9E6C8A57A65}.Debug|Any CPU.ActiveCfg = Debug|Any CPU
		{D4FC67B9-6801-40BD-BCD2-B9E6C8A57A65}.Debug|Any CPU.Build.0 = Debug|Any CPU
		{D4FC67B9-6801-40BD-BCD2-B9E6C8A57A65}.Release|Any CPU.ActiveCfg = Release|Any CPU
		{D4FC67B9-6801-40BD-BCD2-B9E6C8A57A65}.Release|Any CPU.Build.0 = Release|Any CPU
		{6A1E3EF3-FB71-457A-8FF0-6486561FE058}.Debug|Any CPU.ActiveCfg = Debug|Any CPU
		{6A1E3EF3-FB71-457A-8FF0-6486561FE058}.Debug|Any CPU.Build.0 = Debug|Any CPU
		{6A1E3EF3-FB71-457A-8FF0-6486561FE058}.Release|Any CPU.ActiveCfg = Release|Any CPU
		{6A1E3EF3-FB71-457A-8FF0-6486561FE058}.Release|Any CPU.Build.0 = Release|Any CPU
		{1CA1DBC2-816E-4842-8DD1-B926EF182C8F}.Debug|Any CPU.ActiveCfg = Debug|Any CPU
		{1CA1DBC2-816E-4842-8DD1-B926EF182C8F}.Debug|Any CPU.Build.0 = Debug|Any CPU
		{1CA1DBC2-816E-4842-8DD1-B926EF182C8F}.Release|Any CPU.ActiveCfg = Release|Any CPU
		{1CA1DBC2-816E-4842-8DD1-B926EF182C8F}.Release|Any CPU.Build.0 = Release|Any CPU
		{C8836521-00C5-4759-A396-CB431CDE959F}.Debug|Any CPU.ActiveCfg = Debug|Any CPU
		{C8836521-00C5-4759-A396-CB431CDE959F}.Debug|Any CPU.Build.0 = Debug|Any CPU
		{C8836521-00C5-4759-A396-CB431CDE959F}.Release|Any CPU.ActiveCfg = Release|Any CPU
		{C8836521-00C5-4759-A396-CB431CDE959F}.Release|Any CPU.Build.0 = Release|Any CPU
		{84EA04A2-9F5E-43E4-A1A8-1B1F9AA3EA38}.Debug|Any CPU.ActiveCfg = Debug|Any CPU
		{84EA04A2-9F5E-43E4-A1A8-1B1F9AA3EA38}.Debug|Any CPU.Build.0 = Debug|Any CPU
		{84EA04A2-9F5E-43E4-A1A8-1B1F9AA3EA38}.Release|Any CPU.ActiveCfg = Release|Any CPU
		{84EA04A2-9F5E-43E4-A1A8-1B1F9AA3EA38}.Release|Any CPU.Build.0 = Release|Any CPU
		{742FB0C4-0068-46E6-AC93-BFE0F320E366}.Debug|Any CPU.ActiveCfg = Debug|Any CPU
		{742FB0C4-0068-46E6-AC93-BFE0F320E366}.Debug|Any CPU.Build.0 = Debug|Any CPU
		{742FB0C4-0068-46E6-AC93-BFE0F320E366}.Release|Any CPU.ActiveCfg = Release|Any CPU
		{742FB0C4-0068-46E6-AC93-BFE0F320E366}.Release|Any CPU.Build.0 = Release|Any CPU
		{9DF62594-2612-4942-B4FA-759C5502E66F}.Debug|Any CPU.ActiveCfg = Debug|Any CPU
		{9DF62594-2612-4942-B4FA-759C5502E66F}.Debug|Any CPU.Build.0 = Debug|Any CPU
		{9DF62594-2612-4942-B4FA-759C5502E66F}.Release|Any CPU.ActiveCfg = Release|Any CPU
		{9DF62594-2612-4942-B4FA-759C5502E66F}.Release|Any CPU.Build.0 = Release|Any CPU
		{BAA2F20A-513E-4592-ADAA-12FD2CC4E17E}.Debug|Any CPU.ActiveCfg = Debug|Any CPU
		{BAA2F20A-513E-4592-ADAA-12FD2CC4E17E}.Debug|Any CPU.Build.0 = Debug|Any CPU
		{BAA2F20A-513E-4592-ADAA-12FD2CC4E17E}.Release|Any CPU.ActiveCfg = Release|Any CPU
		{BAA2F20A-513E-4592-ADAA-12FD2CC4E17E}.Release|Any CPU.Build.0 = Release|Any CPU
		{2E94340D-0CA1-4581-80BE-97109B4B35D7}.Debug|Any CPU.ActiveCfg = Debug|Any CPU
		{2E94340D-0CA1-4581-80BE-97109B4B35D7}.Debug|Any CPU.Build.0 = Debug|Any CPU
		{2E94340D-0CA1-4581-80BE-97109B4B35D7}.Release|Any CPU.ActiveCfg = Release|Any CPU
		{2E94340D-0CA1-4581-80BE-97109B4B35D7}.Release|Any CPU.Build.0 = Release|Any CPU
		{28E225B9-BB4F-4F05-BACC-0A1963E66E01}.Debug|Any CPU.ActiveCfg = Debug|Any CPU
		{28E225B9-BB4F-4F05-BACC-0A1963E66E01}.Debug|Any CPU.Build.0 = Debug|Any CPU
		{28E225B9-BB4F-4F05-BACC-0A1963E66E01}.Release|Any CPU.ActiveCfg = Release|Any CPU
		{28E225B9-BB4F-4F05-BACC-0A1963E66E01}.Release|Any CPU.Build.0 = Release|Any CPU
		{A863E696-BE9E-4B2D-8C3E-9298EAB885A1}.Debug|Any CPU.ActiveCfg = Debug|Any CPU
		{A863E696-BE9E-4B2D-8C3E-9298EAB885A1}.Debug|Any CPU.Build.0 = Debug|Any CPU
		{A863E696-BE9E-4B2D-8C3E-9298EAB885A1}.Release|Any CPU.ActiveCfg = Release|Any CPU
		{A863E696-BE9E-4B2D-8C3E-9298EAB885A1}.Release|Any CPU.Build.0 = Release|Any CPU
		{F53D0EF1-7C10-4637-8FBB-3990CA765239}.Debug|Any CPU.ActiveCfg = Debug|Any CPU
		{F53D0EF1-7C10-4637-8FBB-3990CA765239}.Debug|Any CPU.Build.0 = Debug|Any CPU
		{F53D0EF1-7C10-4637-8FBB-3990CA765239}.Release|Any CPU.ActiveCfg = Release|Any CPU
		{F53D0EF1-7C10-4637-8FBB-3990CA765239}.Release|Any CPU.Build.0 = Release|Any CPU
		{0DC8DCD3-F63E-4FD0-A56D-FDFB2F814119}.Debug|Any CPU.ActiveCfg = Debug|Any CPU
		{0DC8DCD3-F63E-4FD0-A56D-FDFB2F814119}.Debug|Any CPU.Build.0 = Debug|Any CPU
		{0DC8DCD3-F63E-4FD0-A56D-FDFB2F814119}.Release|Any CPU.ActiveCfg = Release|Any CPU
		{0DC8DCD3-F63E-4FD0-A56D-FDFB2F814119}.Release|Any CPU.Build.0 = Release|Any CPU
		{6531936B-134D-4C63-B04A-4595651BD610}.Debug|Any CPU.ActiveCfg = Debug|Any CPU
		{6531936B-134D-4C63-B04A-4595651BD610}.Debug|Any CPU.Build.0 = Debug|Any CPU
		{6531936B-134D-4C63-B04A-4595651BD610}.Release|Any CPU.ActiveCfg = Release|Any CPU
		{6531936B-134D-4C63-B04A-4595651BD610}.Release|Any CPU.Build.0 = Release|Any CPU
		{08A0FB0D-8E0D-4422-8C75-CFDB7F3DE1C4}.Debug|Any CPU.ActiveCfg = Debug|Any CPU
		{08A0FB0D-8E0D-4422-8C75-CFDB7F3DE1C4}.Debug|Any CPU.Build.0 = Debug|Any CPU
		{08A0FB0D-8E0D-4422-8C75-CFDB7F3DE1C4}.Release|Any CPU.ActiveCfg = Release|Any CPU
		{08A0FB0D-8E0D-4422-8C75-CFDB7F3DE1C4}.Release|Any CPU.Build.0 = Release|Any CPU
		{FE17CF2C-939B-42B7-A504-F580E478D98D}.Debug|Any CPU.ActiveCfg = Debug|Any CPU
		{FE17CF2C-939B-42B7-A504-F580E478D98D}.Debug|Any CPU.Build.0 = Debug|Any CPU
		{FE17CF2C-939B-42B7-A504-F580E478D98D}.Release|Any CPU.ActiveCfg = Release|Any CPU
		{FE17CF2C-939B-42B7-A504-F580E478D98D}.Release|Any CPU.Build.0 = Release|Any CPU
		{126F4DF1-0D21-4B6E-9E32-E41A66064798}.Debug|Any CPU.ActiveCfg = Debug|Any CPU
		{126F4DF1-0D21-4B6E-9E32-E41A66064798}.Debug|Any CPU.Build.0 = Debug|Any CPU
		{126F4DF1-0D21-4B6E-9E32-E41A66064798}.Release|Any CPU.ActiveCfg = Release|Any CPU
		{126F4DF1-0D21-4B6E-9E32-E41A66064798}.Release|Any CPU.Build.0 = Release|Any CPU
		{1A086C1B-5EBE-4FBA-96DE-92464C104E56}.Debug|Any CPU.ActiveCfg = Debug|Any CPU
		{1A086C1B-5EBE-4FBA-96DE-92464C104E56}.Debug|Any CPU.Build.0 = Debug|Any CPU
		{1A086C1B-5EBE-4FBA-96DE-92464C104E56}.Release|Any CPU.ActiveCfg = Release|Any CPU
		{1A086C1B-5EBE-4FBA-96DE-92464C104E56}.Release|Any CPU.Build.0 = Release|Any CPU
		{05916B65-28BB-411A-94CF-77C7816844AD}.Debug|Any CPU.ActiveCfg = Debug|Any CPU
		{05916B65-28BB-411A-94CF-77C7816844AD}.Debug|Any CPU.Build.0 = Debug|Any CPU
		{05916B65-28BB-411A-94CF-77C7816844AD}.Release|Any CPU.ActiveCfg = Release|Any CPU
		{05916B65-28BB-411A-94CF-77C7816844AD}.Release|Any CPU.Build.0 = Release|Any CPU
	EndGlobalSection
	GlobalSection(SolutionProperties) = preSolution
		HideSolutionNode = FALSE
	EndGlobalSection
	GlobalSection(NestedProjects) = preSolution
		{DA83B562-287C-48FF-8051-34B33366B4B4} = {42D84C05-FB6D-4311-AD60-0796D7F12239}
		{CA7D4B5B-61E7-490C-B40B-AEF55822C89C} = {23329346-3647-4E70-98A1-3E6B55CAD478}
		{EA1E349D-7F8C-4212-88A1-9A731F8442D1} = {A6FA3330-4C23-4F82-8BDF-61907DDC5D03}
		{5C50F606-7DEC-4E4C-B941-426CFAE982A4} = {A6FA3330-4C23-4F82-8BDF-61907DDC5D03}
		{7A7452BC-83A3-4CFD-A54E-B7CA643C3385} = {42D84C05-FB6D-4311-AD60-0796D7F12239}
		{150A5613-8597-4B97-9F55-7A5B3450C03E} = {23329346-3647-4E70-98A1-3E6B55CAD478}
		{B81B2E91-2D39-4B60-BECD-1A00F94BFC6E} = {A6FA3330-4C23-4F82-8BDF-61907DDC5D03}
		{D0454F28-8C2F-4C35-AE44-2804E951C53A} = {42D84C05-FB6D-4311-AD60-0796D7F12239}
		{2E38E38A-FA09-4921-AE0D-0F892A751980} = {42D84C05-FB6D-4311-AD60-0796D7F12239}
		{19C5165F-98A4-4B9D-B4B3-CA2164D65405} = {A6FA3330-4C23-4F82-8BDF-61907DDC5D03}
		{7643854E-6C76-4520-B596-3C33A53C14CB} = {A6FA3330-4C23-4F82-8BDF-61907DDC5D03}
		{8B381A96-4DDC-4144-82AE-FF38F94AADEA} = {A6FA3330-4C23-4F82-8BDF-61907DDC5D03}
		{16D49AAD-7B33-4412-BD98-099464FE1922} = {A6FA3330-4C23-4F82-8BDF-61907DDC5D03}
		{B120233D-C608-4E08-96AD-859FF576D1E0} = {23329346-3647-4E70-98A1-3E6B55CAD478}
		{548BEE44-25E9-465C-911C-5B18C49FCA1B} = {23329346-3647-4E70-98A1-3E6B55CAD478}
		{FD67D689-0306-4926-869F-D6A636369C49} = {42D84C05-FB6D-4311-AD60-0796D7F12239}
		{FB64B529-B071-4F1C-9FB3-00560A042710} = {42D84C05-FB6D-4311-AD60-0796D7F12239}
		{5111FF3C-DA07-448E-9A58-CCD1AD213D52} = {42D84C05-FB6D-4311-AD60-0796D7F12239}
		{D3A6152A-0452-4037-AA3D-EB93883A3AE6} = {42D84C05-FB6D-4311-AD60-0796D7F12239}
		{CDB746D7-1B1D-4E70-A2B9-A52A88DFC0A4} = {28ED553B-D7D9-425D-8B85-E35EAFAC8E29}
		{5130C8A6-B434-4EDC-B20C-6381D00DB0FB} = {A6FA3330-4C23-4F82-8BDF-61907DDC5D03}
		{FBAD9279-53D5-4543-A8D7-D1E4B0711EAA} = {B29A6C35-17A6-416E-BAB4-40A1DBD77C87}
		{B6B37BCF-1BEA-4225-8943-DC43D3A6B379} = {B29A6C35-17A6-416E-BAB4-40A1DBD77C87}
		{5170F66A-4767-43A6-8FD0-42ED90E30E65} = {28ED553B-D7D9-425D-8B85-E35EAFAC8E29}
		{EC2130EC-C29C-42F1-9233-6B122D2F77C3} = {A6FA3330-4C23-4F82-8BDF-61907DDC5D03}
		{26149012-ABDD-432C-BBAB-842812259F49} = {23329346-3647-4E70-98A1-3E6B55CAD478}
		{A66B4712-E04A-4FF8-8F08-7461DE6B94D9} = {42D84C05-FB6D-4311-AD60-0796D7F12239}
		{B0A18D01-526B-47CC-B3CD-9AB4BD8C30BC} = {28ED553B-D7D9-425D-8B85-E35EAFAC8E29}
		{73674D30-B11F-460F-9E24-EB499356837C} = {A6FA3330-4C23-4F82-8BDF-61907DDC5D03}
		{51FA51CD-63AD-48AE-A9A6-F125DDB47F80} = {A6FA3330-4C23-4F82-8BDF-61907DDC5D03}
		{3445609F-D71E-42AF-86FA-7DA395E8ABB0} = {23329346-3647-4E70-98A1-3E6B55CAD478}
		{8A479947-4C40-4B6C-BCF9-BF7CDBCE584D} = {42D84C05-FB6D-4311-AD60-0796D7F12239}
		{A0716DA3-6B39-48F8-82C5-88895C8B4931} = {28ED553B-D7D9-425D-8B85-E35EAFAC8E29}
		{58DCD88C-914D-42AF-A49B-BAA90613E22D} = {A6FA3330-4C23-4F82-8BDF-61907DDC5D03}
		{1177D9D8-0CE5-4E7D-A2C7-760731D06507} = {23329346-3647-4E70-98A1-3E6B55CAD478}
		{B67AE031-01FB-422A-80EB-7B574A123093} = {42D84C05-FB6D-4311-AD60-0796D7F12239}
		{0495CA19-2DA1-4A18-AAD8-768504BC0444} = {42D84C05-FB6D-4311-AD60-0796D7F12239}
		{83A14AD1-1E36-4B5F-8DD8-D3EF73CE6017} = {23329346-3647-4E70-98A1-3E6B55CAD478}
		{5C7176AB-EFFE-4003-AF1C-0DA7337E59EA} = {23329346-3647-4E70-98A1-3E6B55CAD478}
		{D7263DC2-2E8D-4D5D-8F9E-9BAA3328DD24} = {23329346-3647-4E70-98A1-3E6B55CAD478}
		{58BCDDB2-B5A2-4A85-9C69-9B4C75A25703} = {42D84C05-FB6D-4311-AD60-0796D7F12239}
		{F311AA23-6339-43E7-BFC7-7F1BE283D7C3} = {23329346-3647-4E70-98A1-3E6B55CAD478}
		{F3D837C4-9137-4689-91D7-86443FC93BEE} = {A6FA3330-4C23-4F82-8BDF-61907DDC5D03}
		{2B10B008-A7F7-493F-86D9-6F84B6219730} = {B29A6C35-17A6-416E-BAB4-40A1DBD77C87}
		{67CD549C-8641-4C23-88F0-BEF109E240BD} = {42D84C05-FB6D-4311-AD60-0796D7F12239}
		{963B2339-4F1A-4E02-A540-295D19E7F1B1} = {42D84C05-FB6D-4311-AD60-0796D7F12239}
		{A76CD5C1-98C5-4085-A5E3-30AD3FE99395} = {23329346-3647-4E70-98A1-3E6B55CAD478}
		{8DC4B49F-CFD3-417D-A567-4B8453F700B7} = {23329346-3647-4E70-98A1-3E6B55CAD478}
		{3F183F2C-1019-42BE-A081-4D70460E640B} = {23329346-3647-4E70-98A1-3E6B55CAD478}
		{CB4B10F0-5C7B-4D89-B756-C198D3D16367} = {23329346-3647-4E70-98A1-3E6B55CAD478}
		{D4FC67B9-6801-40BD-BCD2-B9E6C8A57A65} = {23329346-3647-4E70-98A1-3E6B55CAD478}
		{6A1E3EF3-FB71-457A-8FF0-6486561FE058} = {B29A6C35-17A6-416E-BAB4-40A1DBD77C87}
		{1CA1DBC2-816E-4842-8DD1-B926EF182C8F} = {B29A6C35-17A6-416E-BAB4-40A1DBD77C87}
		{C8836521-00C5-4759-A396-CB431CDE959F} = {B29A6C35-17A6-416E-BAB4-40A1DBD77C87}
		{84EA04A2-9F5E-43E4-A1A8-1B1F9AA3EA38} = {B29A6C35-17A6-416E-BAB4-40A1DBD77C87}
		{742FB0C4-0068-46E6-AC93-BFE0F320E366} = {B29A6C35-17A6-416E-BAB4-40A1DBD77C87}
		{9DF62594-2612-4942-B4FA-759C5502E66F} = {B29A6C35-17A6-416E-BAB4-40A1DBD77C87}
		{BAA2F20A-513E-4592-ADAA-12FD2CC4E17E} = {B29A6C35-17A6-416E-BAB4-40A1DBD77C87}
		{2E94340D-0CA1-4581-80BE-97109B4B35D7} = {B29A6C35-17A6-416E-BAB4-40A1DBD77C87}
		{28E225B9-BB4F-4F05-BACC-0A1963E66E01} = {B29A6C35-17A6-416E-BAB4-40A1DBD77C87}
		{A863E696-BE9E-4B2D-8C3E-9298EAB885A1} = {B29A6C35-17A6-416E-BAB4-40A1DBD77C87}
		{F53D0EF1-7C10-4637-8FBB-3990CA765239} = {B29A6C35-17A6-416E-BAB4-40A1DBD77C87}
		{0DC8DCD3-F63E-4FD0-A56D-FDFB2F814119} = {B29A6C35-17A6-416E-BAB4-40A1DBD77C87}
		{6531936B-134D-4C63-B04A-4595651BD610} = {42D84C05-FB6D-4311-AD60-0796D7F12239}
		{08A0FB0D-8E0D-4422-8C75-CFDB7F3DE1C4} = {A6FA3330-4C23-4F82-8BDF-61907DDC5D03}
		{FE17CF2C-939B-42B7-A504-F580E478D98D} = {28ED553B-D7D9-425D-8B85-E35EAFAC8E29}
		{126F4DF1-0D21-4B6E-9E32-E41A66064798} = {B29A6C35-17A6-416E-BAB4-40A1DBD77C87}
		{1A086C1B-5EBE-4FBA-96DE-92464C104E56} = {A6FA3330-4C23-4F82-8BDF-61907DDC5D03}
		{05916B65-28BB-411A-94CF-77C7816844AD} = {28ED553B-D7D9-425D-8B85-E35EAFAC8E29}
	EndGlobalSection
EndGlobal
